
Microsoft Visual Studio Solution File, Format Version 11.00
# Visual Studio 2010
Project("{FAE04EC0-301F-11D3-BF4B-00C04F79EFBC}") = "Assembly-CSharp", "Assembly-CSharp.csproj", "{456745e1-92ed-b64e-8905-e64dc1e47277}"
EndProject
Project("{FAE04EC0-301F-11D3-BF4B-00C04F79EFBC}") = "Assembly-CSharp-firstpass", "Assembly-CSharp-firstpass.csproj", "{1d314f8b-e23c-fbce-b9f4-f8c56a9dbfb9}"
EndProject
Project("{FAE04EC0-301F-11D3-BF4B-00C04F79EFBC}") = "Assembly-CSharp-Editor-firstpass", "Assembly-CSharp-Editor-firstpass.csproj", "{59a732fd-6574-28c7-de78-04bedecb6f6a}"
EndProject
Project("{FAE04EC0-301F-11D3-BF4B-00C04F79EFBC}") = "Assembly-CSharp-Editor", "Assembly-CSharp-Editor.csproj", "{4b57af9d-71e3-f5db-a886-e16b0b0f1c47}"
EndProject
Global
	GlobalSection(SolutionConfigurationPlatforms) = preSolution
		Debug|Any CPU = Debug|Any CPU
	EndGlobalSection
	GlobalSection(ProjectConfigurationPlatforms) = postSolution
		{456745e1-92ed-b64e-8905-e64dc1e47277}.Debug|Any CPU.ActiveCfg = Debug|Any CPU
		{456745e1-92ed-b64e-8905-e64dc1e47277}.Debug|Any CPU.Build.0 = Debug|Any CPU
		{1d314f8b-e23c-fbce-b9f4-f8c56a9dbfb9}.Debug|Any CPU.ActiveCfg = Debug|Any CPU
		{1d314f8b-e23c-fbce-b9f4-f8c56a9dbfb9}.Debug|Any CPU.Build.0 = Debug|Any CPU
		{59a732fd-6574-28c7-de78-04bedecb6f6a}.Debug|Any CPU.ActiveCfg = Debug|Any CPU
		{59a732fd-6574-28c7-de78-04bedecb6f6a}.Debug|Any CPU.Build.0 = Debug|Any CPU
		{4b57af9d-71e3-f5db-a886-e16b0b0f1c47}.Debug|Any CPU.ActiveCfg = Debug|Any CPU
		{4b57af9d-71e3-f5db-a886-e16b0b0f1c47}.Debug|Any CPU.Build.0 = Debug|Any CPU
	EndGlobalSection
	GlobalSection(SolutionProperties) = preSolution
		HideSolutionNode = FALSE
	EndGlobalSection
EndGlobal
